
Microsoft Visual Studio Solution File, Format Version 12.00
# Visual Studio Version 16
VisualStudioVersion = 16.0.30907.101
MinimumVisualStudioVersion = 10.0.40219.1
Project("{FAE04EC0-301F-11D3-BF4B-00C04F79EFBC}") = "EduHub", "EduHub\EduHub.csproj", "{172F46F1-B25A-40A7-A782-2727AAEB6029}"
EndProject
Global
	GlobalSection(SolutionConfigurationPlatforms) = preSolution
		Debug|Any CPU = Debug|Any CPU
		Release|Any CPU = Release|Any CPU
	EndGlobalSection
	GlobalSection(ProjectConfigurationPlatforms) = postSolution
		{172F46F1-B25A-40A7-A782-2727AAEB6029}.Debug|Any CPU.ActiveCfg = Debug|Any CPU
		{172F46F1-B25A-40A7-A782-2727AAEB6029}.Debug|Any CPU.Build.0 = Debug|Any CPU
		{172F46F1-B25A-40A7-A782-2727AAEB6029}.Release|Any CPU.ActiveCfg = Release|Any CPU
		{172F46F1-B25A-40A7-A782-2727AAEB6029}.Release|Any CPU.Build.0 = Release|Any CPU
	EndGlobalSection
	GlobalSection(SolutionProperties) = preSolution
		HideSolutionNode = FALSE
	EndGlobalSection
	GlobalSection(ExtensibilityGlobals) = postSolution
		SolutionGuid = {C37BD22F-DC66-402D-968A-9A1ED0043F75}
	EndGlobalSection
EndGlobal
